{
  "name": "trpc-prac",
  "version": "1.0.0",
  "lockfileVersion": 3,
  "requires": true,
  "packages": {
    "": {
      "name": "trpc-prac",
      "version": "1.0.0",
      "license": "ISC",
      "dependencies": {
        "@trpc/client": "^11.0.0-rc.729",
        "@trpc/server": "^11.0.0-rc.729"
      }
    },
    "node_modules/@trpc/client": {
      "version": "11.0.0-rc.729",
      "resolved": "https://registry.npmjs.org/@trpc/client/-/client-11.0.0-rc.729.tgz",
      "integrity": "sha512-soDEkBWeLX+WOa+FRqkkCWY6GEaogDc85zWcvxXaXUiZ45ORiz4bVzGyLUYJGuzxYs1cUxv0RAhy6zhGtC688Q==",
      "funding": [
        "https://trpc.io/sponsor"
      ],
      "license": "MIT",
      "peerDependencies": {
        "@trpc/server": "11.0.0-rc.729+a60413241",
        "typescript": ">=5.7.2"
      }
    },
    "node_modules/@trpc/server": {
      "version": "11.0.0-rc.729",
      "resolved": "https://registry.npmjs.org/@trpc/server/-/server-11.0.0-rc.729.tgz",
      "integrity": "sha512-rjkzNpnmbuFWT/BSSRN14/23ebt9CnkZqaq+WPdWZiBsxaDVvQRmm2mcjtKhEokwxWX1p1yuJhdIwG5yt5YuDw==",
      "funding": [
        "https://trpc.io/sponsor"
      ],
      "license": "MIT",
      "peerDependencies": {
        "typescript": ">=5.7.2"
      }
    },
    "node_modules/typescript": {
      "version": "5.7.3",
      "resolved": "https://registry.npmjs.org/typescript/-/typescript-5.7.3.tgz",
      "integrity": "sha512-84MVSjMEHP+FQRPy3pX9sTVV/INIex71s9TL2Gm5FG/WG1SqXeKyZ0k7/blY/4FdOzI12CBy1vGc4og/eus0fw==",
      "license": "Apache-2.0",
      "peer": true,
      "bin": {
        "tsc": "bin/tsc",
        "tsserver": "bin/tsserver"
      },
      "engines": {
        "node": ">=14.17"
      }
    }
  }
}
